
Microsoft Visual Studio Solution File, Format Version 12.00
# Visual Studio Version 17
VisualStudioVersion = 17.14.36518.9 d17.14
MinimumVisualStudioVersion = 10.0.40219.1
Project("{FAE04EC0-301F-11D3-BF4B-00C04F79EFBC}") = "LygiagretusProgramavimasIP", "LygiagretusProgramavimasIP\LygiagretusProgramavimasIP.csproj", "{7985A99D-BD47-4AE3-9A23-79898C3318B5}"
EndProject
Global
	GlobalSection(SolutionConfigurationPlatforms) = preSolution
		Debug|Any CPU = Debug|Any CPU
		Release|Any CPU = Release|Any CPU
	EndGlobalSection
	GlobalSection(ProjectConfigurationPlatforms) = postSolution
		{7985A99D-BD47-4AE3-9A23-79898C3318B5}.Debug|Any CPU.ActiveCfg = Debug|Any CPU
		{7985A99D-BD47-4AE3-9A23-79898C3318B5}.Debug|Any CPU.Build.0 = Debug|Any CPU
		{7985A99D-BD47-4AE3-9A23-79898C3318B5}.Release|Any CPU.ActiveCfg = Release|Any CPU
		{7985A99D-BD47-4AE3-9A23-79898C3318B5}.Release|Any CPU.Build.0 = Release|Any CPU
	EndGlobalSection
	GlobalSection(SolutionProperties) = preSolution
		HideSolutionNode = FALSE
	EndGlobalSection
	GlobalSection(ExtensibilityGlobals) = postSolution
		SolutionGuid = {5F4031CD-D196-4017-839E-1F4AC94F4B7A}
	EndGlobalSection
EndGlobal
